
Microsoft Visual Studio Solution File, Format Version 12.00
Project("{FAE04EC0-301F-11D3-BF4B-00C04F79EFBC}") = "Accounts.API", "Accounts.API\Accounts.API.csproj", "{D90893C0-5417-4834-BF60-B7413D19FF33}"
EndProject
Project("{FAE04EC0-301F-11D3-BF4B-00C04F79EFBC}") = "Accounts.Service", "Accounts.Service\Accounts.Service.csproj", "{AD21F33A-A2C4-427D-81DE-5B9E6C92DEEE}"
EndProject
Project("{FAE04EC0-301F-11D3-BF4B-00C04F79EFBC}") = "Accounts.Repository", "Accounts.Repository\Accounts.Repository.csproj", "{7CE61071-9927-42A4-98D7-0E151D369A67}"
EndProject
Project("{FAE04EC0-301F-11D3-BF4B-00C04F79EFBC}") = "Accounts.Models", "Accounts.Models\Accounts.Models.csproj", "{B028137E-0F84-45FB-8E70-223CB307013A}"
EndProject
Project("{FAE04EC0-301F-11D3-BF4B-00C04F79EFBC}") = "Shared", "Shared\Shared.csproj", "{6D4ACF58-3BC3-4B59-B4F3-265D3C46468C}"
EndProject
Global
	GlobalSection(SolutionConfigurationPlatforms) = preSolution
		Debug|Any CPU = Debug|Any CPU
		Release|Any CPU = Release|Any CPU
	EndGlobalSection
	GlobalSection(ProjectConfigurationPlatforms) = postSolution
		{D90893C0-5417-4834-BF60-B7413D19FF33}.Debug|Any CPU.ActiveCfg = Debug|Any CPU
		{D90893C0-5417-4834-BF60-B7413D19FF33}.Debug|Any CPU.Build.0 = Debug|Any CPU
		{D90893C0-5417-4834-BF60-B7413D19FF33}.Release|Any CPU.ActiveCfg = Release|Any CPU
		{D90893C0-5417-4834-BF60-B7413D19FF33}.Release|Any CPU.Build.0 = Release|Any CPU
		{AD21F33A-A2C4-427D-81DE-5B9E6C92DEEE}.Debug|Any CPU.ActiveCfg = Debug|Any CPU
		{AD21F33A-A2C4-427D-81DE-5B9E6C92DEEE}.Debug|Any CPU.Build.0 = Debug|Any CPU
		{AD21F33A-A2C4-427D-81DE-5B9E6C92DEEE}.Release|Any CPU.ActiveCfg = Release|Any CPU
		{AD21F33A-A2C4-427D-81DE-5B9E6C92DEEE}.Release|Any CPU.Build.0 = Release|Any CPU
		{7CE61071-9927-42A4-98D7-0E151D369A67}.Debug|Any CPU.ActiveCfg = Debug|Any CPU
		{7CE61071-9927-42A4-98D7-0E151D369A67}.Debug|Any CPU.Build.0 = Debug|Any CPU
		{7CE61071-9927-42A4-98D7-0E151D369A67}.Release|Any CPU.ActiveCfg = Release|Any CPU
		{7CE61071-9927-42A4-98D7-0E151D369A67}.Release|Any CPU.Build.0 = Release|Any CPU
		{B028137E-0F84-45FB-8E70-223CB307013A}.Debug|Any CPU.ActiveCfg = Debug|Any CPU
		{B028137E-0F84-45FB-8E70-223CB307013A}.Debug|Any CPU.Build.0 = Debug|Any CPU
		{B028137E-0F84-45FB-8E70-223CB307013A}.Release|Any CPU.ActiveCfg = Release|Any CPU
		{B028137E-0F84-45FB-8E70-223CB307013A}.Release|Any CPU.Build.0 = Release|Any CPU
		{6D4ACF58-3BC3-4B59-B4F3-265D3C46468C}.Debug|Any CPU.ActiveCfg = Debug|Any CPU
		{6D4ACF58-3BC3-4B59-B4F3-265D3C46468C}.Debug|Any CPU.Build.0 = Debug|Any CPU
		{6D4ACF58-3BC3-4B59-B4F3-265D3C46468C}.Release|Any CPU.ActiveCfg = Release|Any CPU
		{6D4ACF58-3BC3-4B59-B4F3-265D3C46468C}.Release|Any CPU.Build.0 = Release|Any CPU
	EndGlobalSection
EndGlobal
